{
  "requires": true,
  "lockfileVersion": 1,
  "dependencies": {
    "@egjs/component": {
      "version": "2.2.0",
      "resolved": "https://registry.npmjs.org/@egjs/component/-/component-2.2.0.tgz",
      "integrity": "sha512-xclWtEHWIex7CHLw1Nd4DZ97TX/4FD4LCzQL6JA7MvvD6EYB/hmGwMympTqCHp4ieRrPJ4lmsd/DVjsHk3VfdA=="
    },
    "@egjs/infinitegrid": {
      "version": "3.6.3",
      "resolved": "https://registry.npmjs.org/@egjs/infinitegrid/-/infinitegrid-3.6.3.tgz",
      "integrity": "sha512-GELg3eeOjIvk6DkUB61sab2eyV8yJHB2npR7mHmp0rjGf3nJoEBR6A1FqjIrAtT+NjseBxTP2EqYRyI9CwhrIA==",
      "requires": {
        "@egjs/component": "^2.1.2",
        "@egjs/lazyloaded": "0.0.2",
        "@egjs/list-differ": "^1.0.0"
      }
    },
    "@egjs/lazyloaded": {
      "version": "0.0.2",
      "resolved": "https://registry.npmjs.org/@egjs/lazyloaded/-/lazyloaded-0.0.2.tgz",
      "integrity": "sha512-UWgJCDHxsEP/sF+ztwl8F79rP1RHmlwG5ur0fFUT6RgaqKN6aQTnuYm9G/MQB48mWpw/tsY80Ha7xhvhryl+FA==",
      "requires": {
        "@egjs/component": "^2.1.2"
      }
    },
    "@egjs/list-differ": {
      "version": "1.0.0",
      "resolved": "https://registry.npmjs.org/@egjs/list-differ/-/list-differ-1.0.0.tgz",
      "integrity": "sha512-HsbMKc0ZAQH+EUeCmI/2PvTYSybmkaWwakU8QGDYYgMVIg9BQ5sM0A0Nnombjxo2+JzXHxmH+jw//yGX+y6GYw=="
    },
    "@egjs/react-infinitegrid": {
      "version": "3.0.5",
      "resolved": "https://registry.npmjs.org/@egjs/react-infinitegrid/-/react-infinitegrid-3.0.5.tgz",
      "integrity": "sha512-Lf90xlCuThKeg9JfZEd9gdn4a5WgHaL/DmsiS/qWe3dUs7XmEolvfh3tzCP6j8APt6ezQsblr0q/DpUnG/7xkg==",
      "requires": {
        "@egjs/infinitegrid": "^3.6.3",
        "@egjs/list-differ": "^1.0.0"
      }
    },
    "prettier": {
      "version": "2.0.5",
      "resolved": "https://registry.npmjs.org/prettier/-/prettier-2.0.5.tgz",
      "integrity": "sha512-7PtVymN48hGcO4fGjybyBSIWDsLU4H4XlvOHfq91pz9kkGlonzwTfYkaIEwiRg/dAJF9YlbsduBAgtYLi+8cFg=="
    }
  }
}
